
Microsoft Visual Studio Solution File, Format Version 12.00
# Visual Studio 15
VisualStudioVersion = 15.0.28307.645
MinimumVisualStudioVersion = 10.0.40219.1
Project("{FAE04EC0-301F-11D3-BF4B-00C04F79EFBC}") = "Transporter_Bercut", "Transporter_Berkut\Transporter_Bercut.csproj", "{C938A690-01A6-485E-816F-E9619D797B48}"
EndProject
Global
	GlobalSection(SolutionConfigurationPlatforms) = preSolution
		Debug|Any CPU = Debug|Any CPU
		Release|Any CPU = Release|Any CPU
	EndGlobalSection
	GlobalSection(ProjectConfigurationPlatforms) = postSolution
		{C938A690-01A6-485E-816F-E9619D797B48}.Debug|Any CPU.ActiveCfg = Debug|Any CPU
		{C938A690-01A6-485E-816F-E9619D797B48}.Debug|Any CPU.Build.0 = Debug|Any CPU
		{C938A690-01A6-485E-816F-E9619D797B48}.Release|Any CPU.ActiveCfg = Release|Any CPU
		{C938A690-01A6-485E-816F-E9619D797B48}.Release|Any CPU.Build.0 = Release|Any CPU
	EndGlobalSection
	GlobalSection(SolutionProperties) = preSolution
		HideSolutionNode = FALSE
	EndGlobalSection
	GlobalSection(ExtensibilityGlobals) = postSolution
		SolutionGuid = {E19F1ACF-9C38-4251-8023-A7290D4B9FC6}
	EndGlobalSection
EndGlobal
